schema: '2.0'
stages:
  data_visualization:
    cmd: python src/data_visualiztion.py
    deps:
    - path: data/raw/datos_creditos.csv
      hash: md5
      md5: 3b26edd22e8827f890d7cd32efe475b7
      size: 663047
      isexec: true
    - path: data/raw/datos_tarjetas.csv
      hash: md5
      md5: 9e197c893925601cd447c81256e8cf07
      size: 845190
      isexec: true
    - path: src/data_visualiztion.py
      hash: md5
      md5: f12ce16b285ddcaee0fe09c06a871508
      size: 2572
    outs:
    - path: docs/figures/correlation_heatmap_creditos.png
      hash: md5
      md5: 83eb8db892fabc0cd030ef6b15aab906
      size: 85303
    - path: docs/figures/correlation_heatmap_tarjetas.png
      hash: md5
      md5: f7b1bd977c141f0c40c2a44469d2c91c
      size: 58450
    - path: docs/figures/target_distribution.png
      hash: md5
      md5: 65ec61f7185f0afb266462f1ac91fe4e
      size: 24763
  test_pandera:
    cmd: pytest --html=docs/report_basico.html --self-contained-html test/test_data_quality.py
      -v || true
    deps:
    - path: data/raw/datos_creditos.csv
      hash: md5
      md5: 3b26edd22e8827f890d7cd32efe475b7
      size: 663047
      isexec: true
    - path: data/raw/datos_tarjetas.csv
      hash: md5
      md5: 9e197c893925601cd447c81256e8cf07
      size: 845190
      isexec: true
    - path: test/test_data_quality.py
      hash: md5
      md5: 345b857a3750a2528689ffcfc0fa79e2
      size: 5065
    outs:
    - path: docs/report_basico.html
      hash: md5
      md5: 6fba6136810286be2efbf5c7b19ca078
      size: 45067
  test_ge:
    cmd: pytest --html=docs/report_ge.html --self-contained-html test/test_data_quality_ge.py
      -v || true
    deps:
    - path: data/raw/datos_creditos.csv
      hash: md5
      md5: 3b26edd22e8827f890d7cd32efe475b7
      size: 663047
      isexec: true
    - path: data/raw/datos_tarjetas.csv
      hash: md5
      md5: 9e197c893925601cd447c81256e8cf07
      size: 845190
      isexec: true
    - path: test/test_data_quality_ge.py
      hash: md5
      md5: 777efd08e780faa2f3e78c147315da40
      size: 3955
    outs:
    - path: docs/report_ge.html
      hash: md5
      md5: 1340042839b8d62b5fe78b29b6af6a22
      size: 37699
  data_processing:
    cmd: python src/data_prep.py
    deps:
    - path: data/raw/datos_creditos.csv
      hash: md5
      md5: 3b26edd22e8827f890d7cd32efe475b7
      size: 663047
      isexec: true
    - path: data/raw/datos_tarjetas.csv
      hash: md5
      md5: 9e197c893925601cd447c81256e8cf07
      size: 845190
      isexec: true
    - path: src/data_prep.py
      hash: md5
      md5: 6d50e0410d3917717267f4d20a937d4f
      size: 4314
    outs:
    - path: data/processed/datos_integrados.csv
      hash: md5
      md5: 813b79a617c820c2a8fdd2d3ee006626
      size: 1595717
  train_model:
    cmd: python src/train_model.py
    deps:
    - path: data/processed/datos_integrados.csv
      hash: md5
      md5: 813b79a617c820c2a8fdd2d3ee006626
      size: 1595717
    - path: src/train_model.py
      hash: md5
      md5: 99ffe679001af1e9d1b97f9e7b8e8fc6
      size: 7916
    outs:
    - path: docs/figures/confusion_matrix.png
      hash: md5
      md5: 71233c950871519f7ae692593ac25511
      size: 20942
    - path: metrics/train_metrics.json
      hash: md5
      md5: 9fa55f9bcfd00258d65b672502073ac8
      size: 189
    - path: models/prod_model.pkl
      hash: md5
      md5: fa87c9cb3b5312d2c9c555eaacaba746
      size: 27046
    - path: models/prod_preprocessor.pkl
      hash: md5
      md5: f549f782f4d2f04187a08d9bd83885be
      size: 5889
  test_model:
    cmd: pytest --html=docs/report_model.html --self-contained-html test/test_train.py
      -v || true
    deps:
    - path: data/processed/datos_integrados.csv
      hash: md5
      md5: 813b79a617c820c2a8fdd2d3ee006626
      size: 1595717
    - path: test/test_train.py
      hash: md5
      md5: 2802055d657474c09515374fb0598013
      size: 1591
    outs:
    - path: docs/report_model.html
      hash: md5
      md5: 20e238f73a7476bf428fa0fdff21c3ec
      size: 32717
