schema: '2.0'
stages:
  data_visualization:
    cmd: python src/data_visualiztion.py
    deps:
    - path: data/raw/datos_creditos.csv
      hash: md5
      md5: 3b26edd22e8827f890d7cd32efe475b7
      size: 663047
      isexec: true
    - path: data/raw/datos_tarjetas.csv
      hash: md5
      md5: 9e197c893925601cd447c81256e8cf07
      size: 845190
      isexec: true
    - path: src/data_visualiztion.py
      hash: md5
      md5: 60f51739cf44d74f972313409c43938b
      size: 2222
    outs:
    - path: docs/figures/correlation_heatmap_creditos.png
      hash: md5
      md5: 83eb8db892fabc0cd030ef6b15aab906
      size: 85303
    - path: docs/figures/correlation_heatmap_tarjetas.png
      hash: md5
      md5: f7b1bd977c141f0c40c2a44469d2c91c
      size: 58450
    - path: docs/figures/target_distribution.png
      hash: md5
      md5: 65ec61f7185f0afb266462f1ac91fe4e
      size: 24763
